// !$*UTF8*$!
{
	archiveVersion = 1;
	classes = {
	};
	objectVersion = 55;
	objects = {

/* Begin PBXBuildFile section */
		6F1A56FF27913760008AC985 /* DailySportNewsApp.swift in Sources */ = {isa = PBXBuildFile; fileRef = 6F1A56FE27913760008AC985 /* DailySportNewsApp.swift */; };
		6F1A570127913760008AC985 /* SportNewsListView.swift in Sources */ = {isa = PBXBuildFile; fileRef = 6F1A570027913760008AC985 /* SportNewsListView.swift */; };
		6F1A570327913765008AC985 /* Assets.xcassets in Resources */ = {isa = PBXBuildFile; fileRef = 6F1A570227913765008AC985 /* Assets.xcassets */; };
		6F1A570627913765008AC985 /* Preview Assets.xcassets in Resources */ = {isa = PBXBuildFile; fileRef = 6F1A570527913765008AC985 /* Preview Assets.xcassets */; };
		6F1A571027913765008AC985 /* DailySportNewsTests.swift in Sources */ = {isa = PBXBuildFile; fileRef = 6F1A570F27913765008AC985 /* DailySportNewsTests.swift */; };
		6F1A571A27913765008AC985 /* DailySportNewsUITests.swift in Sources */ = {isa = PBXBuildFile; fileRef = 6F1A571927913765008AC985 /* DailySportNewsUITests.swift */; };
		6F1A571C27913765008AC985 /* DailySportNewsUITestsLaunchTests.swift in Sources */ = {isa = PBXBuildFile; fileRef = 6F1A571B27913765008AC985 /* DailySportNewsUITestsLaunchTests.swift */; };
		6F1A572A27913919008AC985 /* SDWebImageSwiftUI in Frameworks */ = {isa = PBXBuildFile; productRef = 6F1A572927913919008AC985 /* SDWebImageSwiftUI */; };
		6F1A572D2791394E008AC985 /* SwiftyJSON in Frameworks */ = {isa = PBXBuildFile; productRef = 6F1A572C2791394E008AC985 /* SwiftyJSON */; };
		6F1A572F27913C6E008AC985 /* NewsDataManager.swift in Sources */ = {isa = PBXBuildFile; fileRef = 6F1A572E27913C6E008AC985 /* NewsDataManager.swift */; };
		6F1A573127913F06008AC985 /* Article.swift in Sources */ = {isa = PBXBuildFile; fileRef = 6F1A573027913F06008AC985 /* Article.swift */; };
		6F1A5737279147A6008AC985 /* NewsImageCard.swift in Sources */ = {isa = PBXBuildFile; fileRef = 6F1A5736279147A6008AC985 /* NewsImageCard.swift */; };
		6F6915BF2791514C00EF0072 /* SportNewsListViewModel.swift in Sources */ = {isa = PBXBuildFile; fileRef = 6F6915BE2791514C00EF0072 /* SportNewsListViewModel.swift */; };
		6F6915C127925F7700EF0072 /* Source.swift in Sources */ = {isa = PBXBuildFile; fileRef = 6F6915C027925F7700EF0072 /* Source.swift */; };
		6F6915C327928F1F00EF0072 /* Launch Screen.storyboard in Resources */ = {isa = PBXBuildFile; fileRef = 6F6915C227928F1F00EF0072 /* Launch Screen.storyboard */; };
		6F69164C27931B6300EF0072 /* CountryFilterListView.swift in Sources */ = {isa = PBXBuildFile; fileRef = 6F69164B27931B6200EF0072 /* CountryFilterListView.swift */; };
		6F69164E27934B9200EF0072 /* NewsRow.swift in Sources */ = {isa = PBXBuildFile; fileRef = 6F69164D27934B9200EF0072 /* NewsRow.swift */; };
/* End PBXBuildFile section */

/* Begin PBXContainerItemProxy section */
		6F1A570C27913765008AC985 /* PBXContainerItemProxy */ = {
			isa = PBXContainerItemProxy;
			containerPortal = 6F1A56F32791375F008AC985 /* Project object */;
			proxyType = 1;
			remoteGlobalIDString = 6F1A56FA27913760008AC985;
			remoteInfo = DailySportNews;
		};
		6F1A571627913765008AC985 /* PBXContainerItemProxy */ = {
			isa = PBXContainerItemProxy;
			containerPortal = 6F1A56F32791375F008AC985 /* Project object */;
			proxyType = 1;
			remoteGlobalIDString = 6F1A56FA27913760008AC985;
			remoteInfo = DailySportNews;
		};
/* End PBXContainerItemProxy section */

/* Begin PBXFileReference section */
		6F1A56FB27913760008AC985 /* DailySportNews.app */ = {isa = PBXFileReference; explicitFileType = wrapper.application; includeInIndex = 0; path = DailySportNews.app; sourceTree = BUILT_PRODUCTS_DIR; };
		6F1A56FE27913760008AC985 /* DailySportNewsApp.swift */ = {isa = PBXFileReference; lastKnownFileType = sourcecode.swift; path = DailySportNewsApp.swift; sourceTree = "<group>"; };
		6F1A570027913760008AC985 /* SportNewsListView.swift */ = {isa = PBXFileReference; lastKnownFileType = sourcecode.swift; path = SportNewsListView.swift; sourceTree = "<group>"; };
		6F1A570227913765008AC985 /* Assets.xcassets */ = {isa = PBXFileReference; lastKnownFileType = folder.assetcatalog; path = Assets.xcassets; sourceTree = "<group>"; };
		6F1A570527913765008AC985 /* Preview Assets.xcassets */ = {isa = PBXFileReference; lastKnownFileType = folder.assetcatalog; path = "Preview Assets.xcassets"; sourceTree = "<group>"; };
		6F1A570B27913765008AC985 /* DailySportNewsTests.xctest */ = {isa = PBXFileReference; explicitFileType = wrapper.cfbundle; includeInIndex = 0; path = DailySportNewsTests.xctest; sourceTree = BUILT_PRODUCTS_DIR; };
		6F1A570F27913765008AC985 /* DailySportNewsTests.swift */ = {isa = PBXFileReference; lastKnownFileType = sourcecode.swift; path = DailySportNewsTests.swift; sourceTree = "<group>"; };
		6F1A571527913765008AC985 /* DailySportNewsUITests.xctest */ = {isa = PBXFileReference; explicitFileType = wrapper.cfbundle; includeInIndex = 0; path = DailySportNewsUITests.xctest; sourceTree = BUILT_PRODUCTS_DIR; };
		6F1A571927913765008AC985 /* DailySportNewsUITests.swift */ = {isa = PBXFileReference; lastKnownFileType = sourcecode.swift; path = DailySportNewsUITests.swift; sourceTree = "<group>"; };
		6F1A571B27913765008AC985 /* DailySportNewsUITestsLaunchTests.swift */ = {isa = PBXFileReference; lastKnownFileType = sourcecode.swift; path = DailySportNewsUITestsLaunchTests.swift; sourceTree = "<group>"; };
		6F1A572E27913C6E008AC985 /* NewsDataManager.swift */ = {isa = PBXFileReference; lastKnownFileType = sourcecode.swift; path = NewsDataManager.swift; sourceTree = "<group>"; };
		6F1A573027913F06008AC985 /* Article.swift */ = {isa = PBXFileReference; lastKnownFileType = sourcecode.swift; path = Article.swift; sourceTree = "<group>"; };
		6F1A5736279147A6008AC985 /* NewsImageCard.swift */ = {isa = PBXFileReference; lastKnownFileType = sourcecode.swift; path = NewsImageCard.swift; sourceTree = "<group>"; };
		6F6915BE2791514C00EF0072 /* SportNewsListViewModel.swift */ = {isa = PBXFileReference; lastKnownFileType = sourcecode.swift; path = SportNewsListViewModel.swift; sourceTree = "<group>"; };
		6F6915C027925F7700EF0072 /* Source.swift */ = {isa = PBXFileReference; lastKnownFileType = sourcecode.swift; path = Source.swift; sourceTree = "<group>"; };
		6F6915C227928F1F00EF0072 /* Launch Screen.storyboard */ = {isa = PBXFileReference; lastKnownFileType = file.storyboard; path = "Launch Screen.storyboard"; sourceTree = "<group>"; };
		6F6915C42792924B00EF0072 /* Info.plist */ = {isa = PBXFileReference; lastKnownFileType = text.plist; path = Info.plist; sourceTree = "<group>"; };
		6F69164B27931B6200EF0072 /* CountryFilterListView.swift */ = {isa = PBXFileReference; lastKnownFileType = sourcecode.swift; path = CountryFilterListView.swift; sourceTree = "<group>"; };
		6F69164D27934B9200EF0072 /* NewsRow.swift */ = {isa = PBXFileReference; lastKnownFileType = sourcecode.swift; path = NewsRow.swift; sourceTree = "<group>"; };
/* End PBXFileReference section */

/* Begin PBXFrameworksBuildPhase section */
		6F1A56F827913760008AC985 /* Frameworks */ = {
			isa = PBXFrameworksBuildPhase;
			buildActionMask = 2147483647;
			files = (
				6F1A572D2791394E008AC985 /* SwiftyJSON in Frameworks */,
				6F1A572A27913919008AC985 /* SDWebImageSwiftUI in Frameworks */,
			);
			runOnlyForDeploymentPostprocessing = 0;
		};
		6F1A570827913765008AC985 /* Frameworks */ = {
			isa = PBXFrameworksBuildPhase;
			buildActionMask = 2147483647;
			files = (
			);
			runOnlyForDeploymentPostprocessing = 0;
		};
		6F1A571227913765008AC985 /* Frameworks */ = {
			isa = PBXFrameworksBuildPhase;
			buildActionMask = 2147483647;
			files = (
			);
			runOnlyForDeploymentPostprocessing = 0;
		};
/* End PBXFrameworksBuildPhase section */

/* Begin PBXGroup section */
		6F1A56F22791375F008AC985 = {
			isa = PBXGroup;
			children = (
				6F1A56FD27913760008AC985 /* DailySportNews */,
				6F1A570E27913765008AC985 /* DailySportNewsTests */,
				6F1A571827913765008AC985 /* DailySportNewsUITests */,
				6F1A56FC27913760008AC985 /* Products */,
			);
			sourceTree = "<group>";
		};
		6F1A56FC27913760008AC985 /* Products */ = {
			isa = PBXGroup;
			children = (
				6F1A56FB27913760008AC985 /* DailySportNews.app */,
				6F1A570B27913765008AC985 /* DailySportNewsTests.xctest */,
				6F1A571527913765008AC985 /* DailySportNewsUITests.xctest */,
			);
			name = Products;
			sourceTree = "<group>";
		};
		6F1A56FD27913760008AC985 /* DailySportNews */ = {
			isa = PBXGroup;
			children = (
				6F6915C42792924B00EF0072 /* Info.plist */,
				6F1A56FE27913760008AC985 /* DailySportNewsApp.swift */,
				6F1A573227913F37008AC985 /* Models */,
				6F1A573327914705008AC985 /* Views */,
				6F6915BD2791511500EF0072 /* ViewModels */,
				6F1A570227913765008AC985 /* Assets.xcassets */,
				6F1A570427913765008AC985 /* Preview Content */,
			);
			path = DailySportNews;
			sourceTree = "<group>";
		};
		6F1A570427913765008AC985 /* Preview Content */ = {
			isa = PBXGroup;
			children = (
				6F1A570527913765008AC985 /* Preview Assets.xcassets */,
			);
			path = "Preview Content";
			sourceTree = "<group>";
		};
		6F1A570E27913765008AC985 /* DailySportNewsTests */ = {
			isa = PBXGroup;
			children = (
				6F1A570F27913765008AC985 /* DailySportNewsTests.swift */,
			);
			path = DailySportNewsTests;
			sourceTree = "<group>";
		};
		6F1A571827913765008AC985 /* DailySportNewsUITests */ = {
			isa = PBXGroup;
			children = (
				6F1A571927913765008AC985 /* DailySportNewsUITests.swift */,
				6F1A571B27913765008AC985 /* DailySportNewsUITestsLaunchTests.swift */,
			);
			path = DailySportNewsUITests;
			sourceTree = "<group>";
		};
		6F1A573227913F37008AC985 /* Models */ = {
			isa = PBXGroup;
			children = (
				6F1A572E27913C6E008AC985 /* NewsDataManager.swift */,
				6F1A573027913F06008AC985 /* Article.swift */,
				6F6915C027925F7700EF0072 /* Source.swift */,
			);
			path = Models;
			sourceTree = "<group>";
		};
		6F1A573327914705008AC985 /* Views */ = {
			isa = PBXGroup;
			children = (
				6F1A570027913760008AC985 /* SportNewsListView.swift */,
				6F6915C227928F1F00EF0072 /* Launch Screen.storyboard */,
				6F1A5736279147A6008AC985 /* NewsImageCard.swift */,
				6F69164B27931B6200EF0072 /* CountryFilterListView.swift */,
				6F69164D27934B9200EF0072 /* NewsRow.swift */,
			);
			path = Views;
			sourceTree = "<group>";
		};
		6F6915BD2791511500EF0072 /* ViewModels */ = {
			isa = PBXGroup;
			children = (
				6F6915BE2791514C00EF0072 /* SportNewsListViewModel.swift */,
			);
			path = ViewModels;
			sourceTree = "<group>";
		};
/* End PBXGroup section */

/* Begin PBXNativeTarget section */
		6F1A56FA27913760008AC985 /* DailySportNews */ = {
			isa = PBXNativeTarget;
			buildConfigurationList = 6F1A571F27913765008AC985 /* Build configuration list for PBXNativeTarget "DailySportNews" */;
			buildPhases = (
				6F1A56F727913760008AC985 /* Sources */,
				6F1A56F827913760008AC985 /* Frameworks */,
				6F1A56F927913760008AC985 /* Resources */,
			);
			buildRules = (
			);
			dependencies = (
			);
			name = DailySportNews;
			packageProductDependencies = (
				6F1A572927913919008AC985 /* SDWebImageSwiftUI */,
				6F1A572C2791394E008AC985 /* SwiftyJSON */,
			);
			productName = DailySportNews;
			productReference = 6F1A56FB27913760008AC985 /* DailySportNews.app */;
			productType = "com.apple.product-type.application";
		};
		6F1A570A27913765008AC985 /* DailySportNewsTests */ = {
			isa = PBXNativeTarget;
			buildConfigurationList = 6F1A572227913765008AC985 /* Build configuration list for PBXNativeTarget "DailySportNewsTests" */;
			buildPhases = (
				6F1A570727913765008AC985 /* Sources */,
				6F1A570827913765008AC985 /* Frameworks */,
				6F1A570927913765008AC985 /* Resources */,
			);
			buildRules = (
			);
			dependencies = (
				6F1A570D27913765008AC985 /* PBXTargetDependency */,
			);
			name = DailySportNewsTests;
			productName = DailySportNewsTests;
			productReference = 6F1A570B27913765008AC985 /* DailySportNewsTests.xctest */;
			productType = "com.apple.product-type.bundle.unit-test";
		};
		6F1A571427913765008AC985 /* DailySportNewsUITests */ = {
			isa = PBXNativeTarget;
			buildConfigurationList = 6F1A572527913765008AC985 /* Build configuration list for PBXNativeTarget "DailySportNewsUITests" */;
			buildPhases = (
				6F1A571127913765008AC985 /* Sources */,
				6F1A571227913765008AC985 /* Frameworks */,
				6F1A571327913765008AC985 /* Resources */,
			);
			buildRules = (
			);
			dependencies = (
				6F1A571727913765008AC985 /* PBXTargetDependency */,
			);
			name = DailySportNewsUITests;
			productName = DailySportNewsUITests;
			productReference = 6F1A571527913765008AC985 /* DailySportNewsUITests.xctest */;
			productType = "com.apple.product-type.bundle.ui-testing";
		};
/* End PBXNativeTarget section */

/* Begin PBXProject section */
		6F1A56F32791375F008AC985 /* Project object */ = {
			isa = PBXProject;
			attributes = {
				BuildIndependentTargetsInParallel = 1;
				LastSwiftUpdateCheck = 1320;
				LastUpgradeCheck = 1320;
				TargetAttributes = {
					6F1A56FA27913760008AC985 = {
						CreatedOnToolsVersion = 13.2.1;
					};
					6F1A570A27913765008AC985 = {
						CreatedOnToolsVersion = 13.2.1;
						TestTargetID = 6F1A56FA27913760008AC985;
					};
					6F1A571427913765008AC985 = {
						CreatedOnToolsVersion = 13.2.1;
						TestTargetID = 6F1A56FA27913760008AC985;
					};
				};
			};
			buildConfigurationList = 6F1A56F627913760008AC985 /* Build configuration list for PBXProject "DailySportNews" */;
			compatibilityVersion = "Xcode 13.0";
			developmentRegion = en;
			hasScannedForEncodings = 0;
			knownRegions = (
				en,
				Base,
			);
			mainGroup = 6F1A56F22791375F008AC985;
			packageReferences = (
				6F1A572827913919008AC985 /* XCRemoteSwiftPackageReference "SDWebImageSwiftUI" */,
				6F1A572B2791394E008AC985 /* XCRemoteSwiftPackageReference "SwiftyJSON" */,
			);
			productRefGroup = 6F1A56FC27913760008AC985 /* Products */;
			projectDirPath = "";
			projectRoot = "";
			targets = (
				6F1A56FA27913760008AC985 /* DailySportNews */,
				6F1A570A27913765008AC985 /* DailySportNewsTests */,
				6F1A571427913765008AC985 /* DailySportNewsUITests */,
			);
		};
/* End PBXProject section */

/* Begin PBXResourcesBuildPhase section */
		6F1A56F927913760008AC985 /* Resources */ = {
			isa = PBXResourcesBuildPhase;
			buildActionMask = 2147483647;
			files = (
				6F6915C327928F1F00EF0072 /* Launch Screen.storyboard in Resources */,
				6F1A570627913765008AC985 /* Preview Assets.xcassets in Resources */,
				6F1A570327913765008AC985 /* Assets.xcassets in Resources */,
			);
			runOnlyForDeploymentPostprocessing = 0;
		};
		6F1A570927913765008AC985 /* Resources */ = {
			isa = PBXResourcesBuildPhase;
			buildActionMask = 2147483647;
			files = (
			);
			runOnlyForDeploymentPostprocessing = 0;
		};
		6F1A571327913765008AC985 /* Resources */ = {
			isa = PBXResourcesBuildPhase;
			buildActionMask = 2147483647;
			files = (
			);
			runOnlyForDeploymentPostprocessing = 0;
		};
/* End PBXResourcesBuildPhase section */

/* Begin PBXSourcesBuildPhase section */
		6F1A56F727913760008AC985 /* Sources */ = {
			isa = PBXSourcesBuildPhase;
			buildActionMask = 2147483647;
			files = (
				6F1A570127913760008AC985 /* SportNewsListView.swift in Sources */,
				6F1A572F27913C6E008AC985 /* NewsDataManager.swift in Sources */,
				6F6915BF2791514C00EF0072 /* SportNewsListViewModel.swift in Sources */,
				6F6915C127925F7700EF0072 /* Source.swift in Sources */,
				6F1A573127913F06008AC985 /* Article.swift in Sources */,
				6F1A56FF27913760008AC985 /* DailySportNewsApp.swift in Sources */,
				6F1A5737279147A6008AC985 /* NewsImageCard.swift in Sources */,
				6F69164E27934B9200EF0072 /* NewsRow.swift in Sources */,
				6F69164C27931B6300EF0072 /* CountryFilterListView.swift in Sources */,
			);
			runOnlyForDeploymentPostprocessing = 0;
		};
		6F1A570727913765008AC985 /* Sources */ = {
			isa = PBXSourcesBuildPhase;
			buildActionMask = 2147483647;
			files = (
				6F1A571027913765008AC985 /* DailySportNewsTests.swift in Sources */,
			);
			runOnlyForDeploymentPostprocessing = 0;
		};
		6F1A571127913765008AC985 /* Sources */ = {
			isa = PBXSourcesBuildPhase;
			buildActionMask = 2147483647;
			files = (
				6F1A571C27913765008AC985 /* DailySportNewsUITestsLaunchTests.swift in Sources */,
				6F1A571A27913765008AC985 /* DailySportNewsUITests.swift in Sources */,
			);
			runOnlyForDeploymentPostprocessing = 0;
		};
/* End PBXSourcesBuildPhase section */

/* Begin PBXTargetDependency section */
		6F1A570D27913765008AC985 /* PBXTargetDependency */ = {
			isa = PBXTargetDependency;
			target = 6F1A56FA27913760008AC985 /* DailySportNews */;
			targetProxy = 6F1A570C27913765008AC985 /* PBXContainerItemProxy */;
		};
		6F1A571727913765008AC985 /* PBXTargetDependency */ = {
			isa = PBXTargetDependency;
			target = 6F1A56FA27913760008AC985 /* DailySportNews */;
			targetProxy = 6F1A571627913765008AC985 /* PBXContainerItemProxy */;
		};
/* End PBXTargetDependency section */

/* Begin XCBuildConfiguration section */
		6F1A571D27913765008AC985 /* Debug */ = {
			isa = XCBuildConfiguration;
			buildSettings = {
				ALWAYS_SEARCH_USER_PATHS = NO;
				CLANG_ANALYZER_NONNULL = YES;
				CLANG_ANALYZER_NUMBER_OBJECT_CONVERSION = YES_AGGRESSIVE;
				CLANG_CXX_LANGUAGE_STANDARD = "gnu++17";
				CLANG_CXX_LIBRARY = "libc++";
				CLANG_ENABLE_MODULES = YES;
				CLANG_ENABLE_OBJC_ARC = YES;
				CLANG_ENABLE_OBJC_WEAK = YES;
				CLANG_WARN_BLOCK_CAPTURE_AUTORELEASING = YES;
				CLANG_WARN_BOOL_CONVERSION = YES;
				CLANG_WARN_COMMA = YES;
				CLANG_WARN_CONSTANT_CONVERSION = YES;
				CLANG_WARN_DEPRECATED_OBJC_IMPLEMENTATIONS = YES;
				CLANG_WARN_DIRECT_OBJC_ISA_USAGE = YES_ERROR;
				CLANG_WARN_DOCUMENTATION_COMMENTS = YES;
				CLANG_WARN_EMPTY_BODY = YES;
				CLANG_WARN_ENUM_CONVERSION = YES;
				CLANG_WARN_INFINITE_RECURSION = YES;
				CLANG_WARN_INT_CONVERSION = YES;
				CLANG_WARN_NON_LITERAL_NULL_CONVERSION = YES;
				CLANG_WARN_OBJC_IMPLICIT_RETAIN_SELF = YES;
				CLANG_WARN_OBJC_LITERAL_CONVERSION = YES;
				CLANG_WARN_OBJC_ROOT_CLASS = YES_ERROR;
				CLANG_WARN_QUOTED_INCLUDE_IN_FRAMEWORK_HEADER = YES;
				CLANG_WARN_RANGE_LOOP_ANALYSIS = YES;
				CLANG_WARN_STRICT_PROTOTYPES = YES;
				CLANG_WARN_SUSPICIOUS_MOVE = YES;
				CLANG_WARN_UNGUARDED_AVAILABILITY = YES_AGGRESSIVE;
				CLANG_WARN_UNREACHABLE_CODE = YES;
				CLANG_WARN__DUPLICATE_METHOD_MATCH = YES;
				COPY_PHASE_STRIP = NO;
				DEBUG_INFORMATION_FORMAT = dwarf;
				ENABLE_STRICT_OBJC_MSGSEND = YES;
				ENABLE_TESTABILITY = YES;
				GCC_C_LANGUAGE_STANDARD = gnu11;
				GCC_DYNAMIC_NO_PIC = NO;
				GCC_NO_COMMON_BLOCKS = YES;
				GCC_OPTIMIZATION_LEVEL = 0;
				GCC_PREPROCESSOR_DEFINITIONS = (
					"DEBUG=1",
					"$(inherited)",
				);
				GCC_WARN_64_TO_32_BIT_CONVERSION = YES;
				GCC_WARN_ABOUT_RETURN_TYPE = YES_ERROR;
				GCC_WARN_UNDECLARED_SELECTOR = YES;
				GCC_WARN_UNINITIALIZED_AUTOS = YES_AGGRESSIVE;
				GCC_WARN_UNUSED_FUNCTION = YES;
				GCC_WARN_UNUSED_VARIABLE = YES;
				IPHONEOS_DEPLOYMENT_TARGET = 15.2;
				MTL_ENABLE_DEBUG_INFO = INCLUDE_SOURCE;
				MTL_FAST_MATH = YES;
				ONLY_ACTIVE_ARCH = YES;
				SDKROOT = iphoneos;
				SWIFT_ACTIVE_COMPILATION_CONDITIONS = DEBUG;
				SWIFT_OPTIMIZATION_LEVEL = "-Onone";
			};
			name = Debug;
		};
		6F1A571E27913765008AC985 /* Release */ = {
			isa = XCBuildConfiguration;
			buildSettings = {
				ALWAYS_SEARCH_USER_PATHS = NO;
				CLANG_ANALYZER_NONNULL = YES;
				CLANG_ANALYZER_NUMBER_OBJECT_CONVERSION = YES_AGGRESSIVE;
				CLANG_CXX_LANGUAGE_STANDARD = "gnu++17";
				CLANG_CXX_LIBRARY = "libc++";
				CLANG_ENABLE_MODULES = YES;
				CLANG_ENABLE_OBJC_ARC = YES;
				CLANG_ENABLE_OBJC_WEAK = YES;
				CLANG_WARN_BLOCK_CAPTURE_AUTORELEASING = YES;
				CLANG_WARN_BOOL_CONVERSION = YES;
				CLANG_WARN_COMMA = YES;
				CLANG_WARN_CONSTANT_CONVERSION = YES;
				CLANG_WARN_DEPRECATED_OBJC_IMPLEMENTATIONS = YES;
				CLANG_WARN_DIRECT_OBJC_ISA_USAGE = YES_ERROR;
				CLANG_WARN_DOCUMENTATION_COMMENTS = YES;
				CLANG_WARN_EMPTY_BODY = YES;
				CLANG_WARN_ENUM_CONVERSION = YES;
				CLANG_WARN_INFINITE_RECURSION = YES;
				CLANG_WARN_INT_CONVERSION = YES;
				CLANG_WARN_NON_LITERAL_NULL_CONVERSION = YES;
				CLANG_WARN_OBJC_IMPLICIT_RETAIN_SELF = YES;
				CLANG_WARN_OBJC_LITERAL_CONVERSION = YES;
				CLANG_WARN_OBJC_ROOT_CLASS = YES_ERROR;
				CLANG_WARN_QUOTED_INCLUDE_IN_FRAMEWORK_HEADER = YES;
				CLANG_WARN_RANGE_LOOP_ANALYSIS = YES;
				CLANG_WARN_STRICT_PROTOTYPES = YES;
				CLANG_WARN_SUSPICIOUS_MOVE = YES;
				CLANG_WARN_UNGUARDED_AVAILABILITY = YES_AGGRESSIVE;
				CLANG_WARN_UNREACHABLE_CODE = YES;
				CLANG_WARN__DUPLICATE_METHOD_MATCH = YES;
				COPY_PHASE_STRIP = NO;
				DEBUG_INFORMATION_FORMAT = "dwarf-with-dsym";
				ENABLE_NS_ASSERTIONS = NO;
				ENABLE_STRICT_OBJC_MSGSEND = YES;
				GCC_C_LANGUAGE_STANDARD = gnu11;
				GCC_NO_COMMON_BLOCKS = YES;
				GCC_WARN_64_TO_32_BIT_CONVERSION = YES;
				GCC_WARN_ABOUT_RETURN_TYPE = YES_ERROR;
				GCC_WARN_UNDECLARED_SELECTOR = YES;
				GCC_WARN_UNINITIALIZED_AUTOS = YES_AGGRESSIVE;
				GCC_WARN_UNUSED_FUNCTION = YES;
				GCC_WARN_UNUSED_VARIABLE = YES;
				IPHONEOS_DEPLOYMENT_TARGET = 15.2;
				MTL_ENABLE_DEBUG_INFO = NO;
				MTL_FAST_MATH = YES;
				SDKROOT = iphoneos;
				SWIFT_COMPILATION_MODE = wholemodule;
				SWIFT_OPTIMIZATION_LEVEL = "-O";
				VALIDATE_PRODUCT = YES;
			};
			name = Release;
		};
		6F1A572027913765008AC985 /* Debug */ = {
			isa = XCBuildConfiguration;
			buildSettings = {
				ASSETCATALOG_COMPILER_APPICON_NAME = AppIcon;
				ASSETCATALOG_COMPILER_GLOBAL_ACCENT_COLOR_NAME = AccentColor;
				CODE_SIGN_STYLE = Automatic;
				CURRENT_PROJECT_VERSION = 1;
				DEVELOPMENT_ASSET_PATHS = "\"DailySportNews/Preview Content\"";
				DEVELOPMENT_TEAM = PA72GZV8QY;
				ENABLE_PREVIEWS = YES;
				GENERATE_INFOPLIST_FILE = YES;
				INFOPLIST_FILE = DailySportNews/Info.plist;
				INFOPLIST_KEY_UIApplicationSceneManifest_Generation = YES;
				INFOPLIST_KEY_UIApplicationSupportsIndirectInputEvents = YES;
				INFOPLIST_KEY_UILaunchScreen_Generation = YES;
				INFOPLIST_KEY_UILaunchStoryboardName = "Launch Screen";
				INFOPLIST_KEY_UISupportedInterfaceOrientations_iPad = "UIInterfaceOrientationPortrait UIInterfaceOrientationPortraitUpsideDown UIInterfaceOrientationLandscapeLeft UIInterfaceOrientationLandscapeRight";
				INFOPLIST_KEY_UISupportedInterfaceOrientations_iPhone = "UIInterfaceOrientationPortrait UIInterfaceOrientationLandscapeLeft UIInterfaceOrientationLandscapeRight";
				LD_RUNPATH_SEARCH_PATHS = (
					"$(inherited)",
					"@executable_path/Frameworks",
				);
				MARKETING_VERSION = 1.0;
				PRODUCT_BUNDLE_IDENTIFIER = com.dakinnir.DailySportNews;
				PRODUCT_NAME = "$(TARGET_NAME)";
				SWIFT_EMIT_LOC_STRINGS = YES;
				SWIFT_VERSION = 5.0;
				TARGETED_DEVICE_FAMILY = "1,2";
			};
			name = Debug;
		};
		6F1A572127913765008AC985 /* Release */ = {
			isa = XCBuildConfiguration;
			buildSettings = {
				ASSETCATALOG_COMPILER_APPICON_NAME = AppIcon;
				ASSETCATALOG_COMPILER_GLOBAL_ACCENT_COLOR_NAME = AccentColor;
				CODE_SIGN_STYLE = Automatic;
				CURRENT_PROJECT_VERSION = 1;
				DEVELOPMENT_ASSET_PATHS = "\"DailySportNews/Preview Content\"";
				DEVELOPMENT_TEAM = PA72GZV8QY;
				ENABLE_PREVIEWS = YES;
				GENERATE_INFOPLIST_FILE = YES;
				INFOPLIST_FILE = DailySportNews/Info.plist;
				INFOPLIST_KEY_UIApplicationSceneManifest_Generation = YES;
				INFOPLIST_KEY_UIApplicationSupportsIndirectInputEvents = YES;
				INFOPLIST_KEY_UILaunchScreen_Generation = YES;
				INFOPLIST_KEY_UILaunchStoryboardName = "Launch Screen";
				INFOPLIST_KEY_UISupportedInterfaceOrientations_iPad = "UIInterfaceOrientationPortrait UIInterfaceOrientationPortraitUpsideDown UIInterfaceOrientationLandscapeLeft UIInterfaceOrientationLandscapeRight";
				INFOPLIST_KEY_UISupportedInterfaceOrientations_iPhone = "UIInterfaceOrientationPortrait UIInterfaceOrientationLandscapeLeft UIInterfaceOrientationLandscapeRight";
				LD_RUNPATH_SEARCH_PATHS = (
					"$(inherited)",
					"@executable_path/Frameworks",
				);
				MARKETING_VERSION = 1.0;
				PRODUCT_BUNDLE_IDENTIFIER = com.dakinnir.DailySportNews;
				PRODUCT_NAME = "$(TARGET_NAME)";
				SWIFT_EMIT_LOC_STRINGS = YES;
				SWIFT_VERSION = 5.0;
				TARGETED_DEVICE_FAMILY = "1,2";
			};
			name = Release;
		};
		6F1A572327913765008AC985 /* Debug */ = {
			isa = XCBuildConfiguration;
			buildSettings = {
				ALWAYS_EMBED_SWIFT_STANDARD_LIBRARIES = YES;
				BUNDLE_LOADER = "$(TEST_HOST)";
				CODE_SIGN_STYLE = Automatic;
				CURRENT_PROJECT_VERSION = 1;
				DEVELOPMENT_TEAM = PA72GZV8QY;
				GENERATE_INFOPLIST_FILE = YES;
				IPHONEOS_DEPLOYMENT_TARGET = 15.2;
				MARKETING_VERSION = 1.0;
				PRODUCT_BUNDLE_IDENTIFIER = com.dakinnir.DailySportNewsTests;
				PRODUCT_NAME = "$(TARGET_NAME)";
				SWIFT_EMIT_LOC_STRINGS = NO;
				SWIFT_VERSION = 5.0;
				TARGETED_DEVICE_FAMILY = "1,2";
				TEST_HOST = "$(BUILT_PRODUCTS_DIR)/DailySportNews.app/DailySportNews";
			};
			name = Debug;
		};
		6F1A572427913765008AC985 /* Release */ = {
			isa = XCBuildConfiguration;
			buildSettings = {
				ALWAYS_EMBED_SWIFT_STANDARD_LIBRARIES = YES;
				BUNDLE_LOADER = "$(TEST_HOST)";
				CODE_SIGN_STYLE = Automatic;
				CURRENT_PROJECT_VERSION = 1;
				DEVELOPMENT_TEAM = PA72GZV8QY;
				GENERATE_INFOPLIST_FILE = YES;
				IPHONEOS_DEPLOYMENT_TARGET = 15.2;
				MARKETING_VERSION = 1.0;
				PRODUCT_BUNDLE_IDENTIFIER = com.dakinnir.DailySportNewsTests;
				PRODUCT_NAME = "$(TARGET_NAME)";
				SWIFT_EMIT_LOC_STRINGS = NO;
				SWIFT_VERSION = 5.0;
				TARGETED_DEVICE_FAMILY = "1,2";
				TEST_HOST = "$(BUILT_PRODUCTS_DIR)/DailySportNews.app/DailySportNews";
			};
			name = Release;
		};
		6F1A572627913765008AC985 /* Debug */ = {
			isa = XCBuildConfiguration;
			buildSettings = {
				ALWAYS_EMBED_SWIFT_STANDARD_LIBRARIES = YES;
				CODE_SIGN_STYLE = Automatic;
				CURRENT_PROJECT_VERSION = 1;
				DEVELOPMENT_TEAM = PA72GZV8QY;
				GENERATE_INFOPLIST_FILE = YES;
				MARKETING_VERSION = 1.0;
				PRODUCT_BUNDLE_IDENTIFIER = com.dakinnir.DailySportNewsUITests;
				PRODUCT_NAME = "$(TARGET_NAME)";
				SWIFT_EMIT_LOC_STRINGS = NO;
				SWIFT_VERSION = 5.0;
				TARGETED_DEVICE_FAMILY = "1,2";
				TEST_TARGET_NAME = DailySportNews;
			};
			name = Debug;
		};
		6F1A572727913765008AC985 /* Release */ = {
			isa = XCBuildConfiguration;
			buildSettings = {
				ALWAYS_EMBED_SWIFT_STANDARD_LIBRARIES = YES;
				CODE_SIGN_STYLE = Automatic;
				CURRENT_PROJECT_VERSION = 1;
				DEVELOPMENT_TEAM = PA72GZV8QY;
				GENERATE_INFOPLIST_FILE = YES;
				MARKETING_VERSION = 1.0;
				PRODUCT_BUNDLE_IDENTIFIER = com.dakinnir.DailySportNewsUITests;
				PRODUCT_NAME = "$(TARGET_NAME)";
				SWIFT_EMIT_LOC_STRINGS = NO;
				SWIFT_VERSION = 5.0;
				TARGETED_DEVICE_FAMILY = "1,2";
				TEST_TARGET_NAME = DailySportNews;
			};
			name = Release;
		};
/* End XCBuildConfiguration section */

/* Begin XCConfigurationList section */
		6F1A56F627913760008AC985 /* Build configuration list for PBXProject "DailySportNews" */ = {
			isa = XCConfigurationList;
			buildConfigurations = (
				6F1A571D27913765008AC985 /* Debug */,
				6F1A571E27913765008AC985 /* Release */,
			);
			defaultConfigurationIsVisible = 0;
			defaultConfigurationName = Release;
		};
		6F1A571F27913765008AC985 /* Build configuration list for PBXNativeTarget "DailySportNews" */ = {
			isa = XCConfigurationList;
			buildConfigurations = (
				6F1A572027913765008AC985 /* Debug */,
				6F1A572127913765008AC985 /* Release */,
			);
			defaultConfigurationIsVisible = 0;
			defaultConfigurationName = Release;
		};
		6F1A572227913765008AC985 /* Build configuration list for PBXNativeTarget "DailySportNewsTests" */ = {
			isa = XCConfigurationList;
			buildConfigurations = (
				6F1A572327913765008AC985 /* Debug */,
				6F1A572427913765008AC985 /* Release */,
			);
			defaultConfigurationIsVisible = 0;
			defaultConfigurationName = Release;
		};
		6F1A572527913765008AC985 /* Build configuration list for PBXNativeTarget "DailySportNewsUITests" */ = {
			isa = XCConfigurationList;
			buildConfigurations = (
				6F1A572627913765008AC985 /* Debug */,
				6F1A572727913765008AC985 /* Release */,
			);
			defaultConfigurationIsVisible = 0;
			defaultConfigurationName = Release;
		};
/* End XCConfigurationList section */

/* Begin XCRemoteSwiftPackageReference section */
		6F1A572827913919008AC985 /* XCRemoteSwiftPackageReference "SDWebImageSwiftUI" */ = {
			isa = XCRemoteSwiftPackageReference;
			repositoryURL = "https://github.com/SDWebImage/SDWebImageSwiftUI.git";
			requirement = {
				kind = upToNextMajorVersion;
				minimumVersion = 2.0.0;
			};
		};
		6F1A572B2791394E008AC985 /* XCRemoteSwiftPackageReference "SwiftyJSON" */ = {
			isa = XCRemoteSwiftPackageReference;
			repositoryURL = "https://github.com/SwiftyJSON/SwiftyJSON.git";
			requirement = {
				kind = upToNextMajorVersion;
				minimumVersion = 5.0.0;
			};
		};
/* End XCRemoteSwiftPackageReference section */

/* Begin XCSwiftPackageProductDependency section */
		6F1A572927913919008AC985 /* SDWebImageSwiftUI */ = {
			isa = XCSwiftPackageProductDependency;
			package = 6F1A572827913919008AC985 /* XCRemoteSwiftPackageReference "SDWebImageSwiftUI" */;
			productName = SDWebImageSwiftUI;
		};
		6F1A572C2791394E008AC985 /* SwiftyJSON */ = {
			isa = XCSwiftPackageProductDependency;
			package = 6F1A572B2791394E008AC985 /* XCRemoteSwiftPackageReference "SwiftyJSON" */;
			productName = SwiftyJSON;
		};
/* End XCSwiftPackageProductDependency section */
	};
	rootObject = 6F1A56F32791375F008AC985 /* Project object */;
}
